// !$*UTF8*$!
{
	archiveVersion = 1;
	classes = {
	};
	objectVersion = 56;
	objects = {

/* Begin PBXBuildFile section */
		243FCDC42B1A8B8B00242C55 /* LoremSwiftum in Frameworks */ = {isa = PBXBuildFile; productRef = 243FCDC32B1A8B8B00242C55 /* LoremSwiftum */; };
		249E91A32AE0F47C00C4AE57 /* CSC680_2023_Fall_final_project_student_daily_toolApp.swift in Sources */ = {isa = PBXBuildFile; fileRef = 249E91A22AE0F47C00C4AE57 /* CSC680_2023_Fall_final_project_student_daily_toolApp.swift */; };
		249E91A52AE0F47C00C4AE57 /* CourseTodoListView.swift in Sources */ = {isa = PBXBuildFile; fileRef = 249E91A42AE0F47C00C4AE57 /* CourseTodoListView.swift */; };
		249E91A72AE0F47D00C4AE57 /* Assets.xcassets in Resources */ = {isa = PBXBuildFile; fileRef = 249E91A62AE0F47D00C4AE57 /* Assets.xcassets */; };
		249E91AA2AE0F47D00C4AE57 /* Preview Assets.xcassets in Resources */ = {isa = PBXBuildFile; fileRef = 249E91A92AE0F47D00C4AE57 /* Preview Assets.xcassets */; };
		249E91B52AE1031C00C4AE57 /* TodoItemView.swift in Sources */ = {isa = PBXBuildFile; fileRef = 249E91B42AE1031C00C4AE57 /* TodoItemView.swift */; };
		249E91B72AE1065900C4AE57 /* Course+TodoItem.swift in Sources */ = {isa = PBXBuildFile; fileRef = 249E91B62AE1065900C4AE57 /* Course+TodoItem.swift */; };
		249F106D2B1AF7C80058FEAE /* CourseTodoData.swift in Sources */ = {isa = PBXBuildFile; fileRef = 249F106C2B1AF7C80058FEAE /* CourseTodoData.swift */; };
		249F106F2B1AFD950058FEAE /* CourseTodoEditView.swift in Sources */ = {isa = PBXBuildFile; fileRef = 249F106E2B1AFD950058FEAE /* CourseTodoEditView.swift */; };
		249F10732B1C26BD0058FEAE /* CourseEditView.swift in Sources */ = {isa = PBXBuildFile; fileRef = 249F10722B1C26BD0058FEAE /* CourseEditView.swift */; };
		249F10772B1D428A0058FEAE /* Semester.swift in Sources */ = {isa = PBXBuildFile; fileRef = 249F10762B1D428A0058FEAE /* Semester.swift */; };
		249F107B2B1DCB500058FEAE /* CourseDetailView.swift in Sources */ = {isa = PBXBuildFile; fileRef = 249F107A2B1DCB500058FEAE /* CourseDetailView.swift */; };
		249F107D2B1DD56D0058FEAE /* MainView.swift in Sources */ = {isa = PBXBuildFile; fileRef = 249F107C2B1DD56D0058FEAE /* MainView.swift */; };
		249F107F2B1DD8700058FEAE /* DueSoonView.swift in Sources */ = {isa = PBXBuildFile; fileRef = 249F107E2B1DD8700058FEAE /* DueSoonView.swift */; };
		249F10832B1EF5CC0058FEAE /* SwiftUIView.swift in Sources */ = {isa = PBXBuildFile; fileRef = 249F10822B1EF5CC0058FEAE /* SwiftUIView.swift */; };
		249F10852B1EFA9B0058FEAE /* ThemeController.swift in Sources */ = {isa = PBXBuildFile; fileRef = 249F10842B1EFA9B0058FEAE /* ThemeController.swift */; };
/* End PBXBuildFile section */

/* Begin PBXFileReference section */
		249E919F2AE0F47C00C4AE57 /* CSC680-2023-Fall-final_project-student_daily_tool.app */ = {isa = PBXFileReference; explicitFileType = wrapper.application; includeInIndex = 0; path = "CSC680-2023-Fall-final_project-student_daily_tool.app"; sourceTree = BUILT_PRODUCTS_DIR; };
		249E91A22AE0F47C00C4AE57 /* CSC680_2023_Fall_final_project_student_daily_toolApp.swift */ = {isa = PBXFileReference; lastKnownFileType = sourcecode.swift; path = CSC680_2023_Fall_final_project_student_daily_toolApp.swift; sourceTree = "<group>"; };
		249E91A42AE0F47C00C4AE57 /* CourseTodoListView.swift */ = {isa = PBXFileReference; lastKnownFileType = sourcecode.swift; path = CourseTodoListView.swift; sourceTree = "<group>"; };
		249E91A62AE0F47D00C4AE57 /* Assets.xcassets */ = {isa = PBXFileReference; lastKnownFileType = folder.assetcatalog; path = Assets.xcassets; sourceTree = "<group>"; };
		249E91A92AE0F47D00C4AE57 /* Preview Assets.xcassets */ = {isa = PBXFileReference; lastKnownFileType = folder.assetcatalog; path = "Preview Assets.xcassets"; sourceTree = "<group>"; };
		249E91B42AE1031C00C4AE57 /* TodoItemView.swift */ = {isa = PBXFileReference; lastKnownFileType = sourcecode.swift; path = TodoItemView.swift; sourceTree = "<group>"; };
		249E91B62AE1065900C4AE57 /* Course+TodoItem.swift */ = {isa = PBXFileReference; lastKnownFileType = sourcecode.swift; path = "Course+TodoItem.swift"; sourceTree = "<group>"; };
		249F106C2B1AF7C80058FEAE /* CourseTodoData.swift */ = {isa = PBXFileReference; lastKnownFileType = sourcecode.swift; path = CourseTodoData.swift; sourceTree = "<group>"; };
		249F106E2B1AFD950058FEAE /* CourseTodoEditView.swift */ = {isa = PBXFileReference; lastKnownFileType = sourcecode.swift; path = CourseTodoEditView.swift; sourceTree = "<group>"; };
		249F10722B1C26BD0058FEAE /* CourseEditView.swift */ = {isa = PBXFileReference; lastKnownFileType = sourcecode.swift; path = CourseEditView.swift; sourceTree = "<group>"; };
		249F10762B1D428A0058FEAE /* Semester.swift */ = {isa = PBXFileReference; lastKnownFileType = sourcecode.swift; path = Semester.swift; sourceTree = "<group>"; };
		249F107A2B1DCB500058FEAE /* CourseDetailView.swift */ = {isa = PBXFileReference; lastKnownFileType = sourcecode.swift; path = CourseDetailView.swift; sourceTree = "<group>"; };
		249F107C2B1DD56D0058FEAE /* MainView.swift */ = {isa = PBXFileReference; lastKnownFileType = sourcecode.swift; path = MainView.swift; sourceTree = "<group>"; };
		249F107E2B1DD8700058FEAE /* DueSoonView.swift */ = {isa = PBXFileReference; lastKnownFileType = sourcecode.swift; path = DueSoonView.swift; sourceTree = "<group>"; };
		249F10822B1EF5CC0058FEAE /* SwiftUIView.swift */ = {isa = PBXFileReference; lastKnownFileType = sourcecode.swift; path = SwiftUIView.swift; sourceTree = "<group>"; };
		249F10842B1EFA9B0058FEAE /* ThemeController.swift */ = {isa = PBXFileReference; lastKnownFileType = sourcecode.swift; path = ThemeController.swift; sourceTree = "<group>"; };
/* End PBXFileReference section */

/* Begin PBXFrameworksBuildPhase section */
		249E919C2AE0F47C00C4AE57 /* Frameworks */ = {
			isa = PBXFrameworksBuildPhase;
			buildActionMask = 2147483647;
			files = (
				243FCDC42B1A8B8B00242C55 /* LoremSwiftum in Frameworks */,
			);
			runOnlyForDeploymentPostprocessing = 0;
		};
/* End PBXFrameworksBuildPhase section */

/* Begin PBXGroup section */
		249E91962AE0F47C00C4AE57 = {
			isa = PBXGroup;
			children = (
				249E91A12AE0F47C00C4AE57 /* CSC680-2023-Fall-final_project-student_daily_tool */,
				249E91A02AE0F47C00C4AE57 /* Products */,
			);
			sourceTree = "<group>";
		};
		249E91A02AE0F47C00C4AE57 /* Products */ = {
			isa = PBXGroup;
			children = (
				249E919F2AE0F47C00C4AE57 /* CSC680-2023-Fall-final_project-student_daily_tool.app */,
			);
			name = Products;
			sourceTree = "<group>";
		};
		249E91A12AE0F47C00C4AE57 /* CSC680-2023-Fall-final_project-student_daily_tool */ = {
			isa = PBXGroup;
			children = (
				249E91A22AE0F47C00C4AE57 /* CSC680_2023_Fall_final_project_student_daily_toolApp.swift */,
				249E91B02AE0F51500C4AE57 /* Models */,
				249E91B12AE0F52500C4AE57 /* Views */,
				249E91A62AE0F47D00C4AE57 /* Assets.xcassets */,
				249E91A82AE0F47D00C4AE57 /* Preview Content */,
			);
			path = "CSC680-2023-Fall-final_project-student_daily_tool";
			sourceTree = "<group>";
		};
		249E91A82AE0F47D00C4AE57 /* Preview Content */ = {
			isa = PBXGroup;
			children = (
				249E91A92AE0F47D00C4AE57 /* Preview Assets.xcassets */,
			);
			path = "Preview Content";
			sourceTree = "<group>";
		};
		249E91B02AE0F51500C4AE57 /* Models */ = {
			isa = PBXGroup;
			children = (
				249E91B62AE1065900C4AE57 /* Course+TodoItem.swift */,
				249F106C2B1AF7C80058FEAE /* CourseTodoData.swift */,
				249F10762B1D428A0058FEAE /* Semester.swift */,
				249F10842B1EFA9B0058FEAE /* ThemeController.swift */,
			);
			path = Models;
			sourceTree = "<group>";
		};
		249E91B12AE0F52500C4AE57 /* Views */ = {
			isa = PBXGroup;
			children = (
				249E91A42AE0F47C00C4AE57 /* CourseTodoListView.swift */,
				249E91B42AE1031C00C4AE57 /* TodoItemView.swift */,
				249F106E2B1AFD950058FEAE /* CourseTodoEditView.swift */,
				249F10722B1C26BD0058FEAE /* CourseEditView.swift */,
				249F107A2B1DCB500058FEAE /* CourseDetailView.swift */,
				249F107C2B1DD56D0058FEAE /* MainView.swift */,
				249F107E2B1DD8700058FEAE /* DueSoonView.swift */,
				249F10822B1EF5CC0058FEAE /* SwiftUIView.swift */,
			);
			path = Views;
			sourceTree = "<group>";
		};
/* End PBXGroup section */

/* Begin PBXNativeTarget section */
		249E919E2AE0F47C00C4AE57 /* CSC680-2023-Fall-final_project-student_daily_tool */ = {
			isa = PBXNativeTarget;
			buildConfigurationList = 249E91AD2AE0F47D00C4AE57 /* Build configuration list for PBXNativeTarget "CSC680-2023-Fall-final_project-student_daily_tool" */;
			buildPhases = (
				249E919B2AE0F47C00C4AE57 /* Sources */,
				249E919C2AE0F47C00C4AE57 /* Frameworks */,
				249E919D2AE0F47C00C4AE57 /* Resources */,
			);
			buildRules = (
			);
			dependencies = (
			);
			name = "CSC680-2023-Fall-final_project-student_daily_tool";
			packageProductDependencies = (
				243FCDC32B1A8B8B00242C55 /* LoremSwiftum */,
			);
			productName = "CSC680-2023-Fall-final_project-student_daily_tool";
			productReference = 249E919F2AE0F47C00C4AE57 /* CSC680-2023-Fall-final_project-student_daily_tool.app */;
			productType = "com.apple.product-type.application";
		};
/* End PBXNativeTarget section */

/* Begin PBXProject section */
		249E91972AE0F47C00C4AE57 /* Project object */ = {
			isa = PBXProject;
			attributes = {
				BuildIndependentTargetsInParallel = 1;
				LastSwiftUpdateCheck = 1500;
				LastUpgradeCheck = 1500;
				TargetAttributes = {
					249E919E2AE0F47C00C4AE57 = {
						CreatedOnToolsVersion = 15.0;
					};
				};
			};
			buildConfigurationList = 249E919A2AE0F47C00C4AE57 /* Build configuration list for PBXProject "CSC680-2023-Fall-final_project-student_daily_tool" */;
			compatibilityVersion = "Xcode 14.0";
			developmentRegion = en;
			hasScannedForEncodings = 0;
			knownRegions = (
				en,
				Base,
			);
			mainGroup = 249E91962AE0F47C00C4AE57;
			packageReferences = (
				243FCDC22B1A8B8B00242C55 /* XCRemoteSwiftPackageReference "LoremSwiftum" */,
			);
			productRefGroup = 249E91A02AE0F47C00C4AE57 /* Products */;
			projectDirPath = "";
			projectRoot = "";
			targets = (
				249E919E2AE0F47C00C4AE57 /* CSC680-2023-Fall-final_project-student_daily_tool */,
			);
		};
/* End PBXProject section */

/* Begin PBXResourcesBuildPhase section */
		249E919D2AE0F47C00C4AE57 /* Resources */ = {
			isa = PBXResourcesBuildPhase;
			buildActionMask = 2147483647;
			files = (
				249E91AA2AE0F47D00C4AE57 /* Preview Assets.xcassets in Resources */,
				249E91A72AE0F47D00C4AE57 /* Assets.xcassets in Resources */,
			);
			runOnlyForDeploymentPostprocessing = 0;
		};
/* End PBXResourcesBuildPhase section */

/* Begin PBXSourcesBuildPhase section */
		249E919B2AE0F47C00C4AE57 /* Sources */ = {
			isa = PBXSourcesBuildPhase;
			buildActionMask = 2147483647;
			files = (
				249F10832B1EF5CC0058FEAE /* SwiftUIView.swift in Sources */,
				249F10732B1C26BD0058FEAE /* CourseEditView.swift in Sources */,
				249F10772B1D428A0058FEAE /* Semester.swift in Sources */,
				249F10852B1EFA9B0058FEAE /* ThemeController.swift in Sources */,
				249E91B72AE1065900C4AE57 /* Course+TodoItem.swift in Sources */,
				249F107D2B1DD56D0058FEAE /* MainView.swift in Sources */,
				249F107F2B1DD8700058FEAE /* DueSoonView.swift in Sources */,
				249F106F2B1AFD950058FEAE /* CourseTodoEditView.swift in Sources */,
				249F107B2B1DCB500058FEAE /* CourseDetailView.swift in Sources */,
				249F106D2B1AF7C80058FEAE /* CourseTodoData.swift in Sources */,
				249E91A52AE0F47C00C4AE57 /* CourseTodoListView.swift in Sources */,
				249E91B52AE1031C00C4AE57 /* TodoItemView.swift in Sources */,
				249E91A32AE0F47C00C4AE57 /* CSC680_2023_Fall_final_project_student_daily_toolApp.swift in Sources */,
			);
			runOnlyForDeploymentPostprocessing = 0;
		};
/* End PBXSourcesBuildPhase section */

/* Begin XCBuildConfiguration section */
		249E91AB2AE0F47D00C4AE57 /* Debug */ = {
			isa = XCBuildConfiguration;
			buildSettings = {
				ALWAYS_SEARCH_USER_PATHS = NO;
				ASSETCATALOG_COMPILER_GENERATE_SWIFT_ASSET_SYMBOL_EXTENSIONS = YES;
				CLANG_ANALYZER_NONNULL = YES;
				CLANG_ANALYZER_NUMBER_OBJECT_CONVERSION = YES_AGGRESSIVE;
				CLANG_CXX_LANGUAGE_STANDARD = "gnu++20";
				CLANG_ENABLE_MODULES = YES;
				CLANG_ENABLE_OBJC_ARC = YES;
				CLANG_ENABLE_OBJC_WEAK = YES;
				CLANG_WARN_BLOCK_CAPTURE_AUTORELEASING = YES;
				CLANG_WARN_BOOL_CONVERSION = YES;
				CLANG_WARN_COMMA = YES;
				CLANG_WARN_CONSTANT_CONVERSION = YES;
				CLANG_WARN_DEPRECATED_OBJC_IMPLEMENTATIONS = YES;
				CLANG_WARN_DIRECT_OBJC_ISA_USAGE = YES_ERROR;
				CLANG_WARN_DOCUMENTATION_COMMENTS = YES;
				CLANG_WARN_EMPTY_BODY = YES;
				CLANG_WARN_ENUM_CONVERSION = YES;
				CLANG_WARN_INFINITE_RECURSION = YES;
				CLANG_WARN_INT_CONVERSION = YES;
				CLANG_WARN_NON_LITERAL_NULL_CONVERSION = YES;
				CLANG_WARN_OBJC_IMPLICIT_RETAIN_SELF = YES;
				CLANG_WARN_OBJC_LITERAL_CONVERSION = YES;
				CLANG_WARN_OBJC_ROOT_CLASS = YES_ERROR;
				CLANG_WARN_QUOTED_INCLUDE_IN_FRAMEWORK_HEADER = YES;
				CLANG_WARN_RANGE_LOOP_ANALYSIS = YES;
				CLANG_WARN_STRICT_PROTOTYPES = YES;
				CLANG_WARN_SUSPICIOUS_MOVE = YES;
				CLANG_WARN_UNGUARDED_AVAILABILITY = YES_AGGRESSIVE;
				CLANG_WARN_UNREACHABLE_CODE = YES;
				CLANG_WARN__DUPLICATE_METHOD_MATCH = YES;
				COPY_PHASE_STRIP = NO;
				DEBUG_INFORMATION_FORMAT = dwarf;
				ENABLE_STRICT_OBJC_MSGSEND = YES;
				ENABLE_TESTABILITY = YES;
				ENABLE_USER_SCRIPT_SANDBOXING = YES;
				GCC_C_LANGUAGE_STANDARD = gnu17;
				GCC_DYNAMIC_NO_PIC = NO;
				GCC_NO_COMMON_BLOCKS = YES;
				GCC_OPTIMIZATION_LEVEL = 0;
				GCC_PREPROCESSOR_DEFINITIONS = (
					"DEBUG=1",
					"$(inherited)",
				);
				GCC_WARN_64_TO_32_BIT_CONVERSION = YES;
				GCC_WARN_ABOUT_RETURN_TYPE = YES_ERROR;
				GCC_WARN_UNDECLARED_SELECTOR = YES;
				GCC_WARN_UNINITIALIZED_AUTOS = YES_AGGRESSIVE;
				GCC_WARN_UNUSED_FUNCTION = YES;
				GCC_WARN_UNUSED_VARIABLE = YES;
				IPHONEOS_DEPLOYMENT_TARGET = 17.0;
				LOCALIZATION_PREFERS_STRING_CATALOGS = YES;
				MTL_ENABLE_DEBUG_INFO = INCLUDE_SOURCE;
				MTL_FAST_MATH = YES;
				ONLY_ACTIVE_ARCH = YES;
				SDKROOT = iphoneos;
				SWIFT_ACTIVE_COMPILATION_CONDITIONS = "DEBUG $(inherited)";
				SWIFT_OPTIMIZATION_LEVEL = "-Onone";
			};
			name = Debug;
		};
		249E91AC2AE0F47D00C4AE57 /* Release */ = {
			isa = XCBuildConfiguration;
			buildSettings = {
				ALWAYS_SEARCH_USER_PATHS = NO;
				ASSETCATALOG_COMPILER_GENERATE_SWIFT_ASSET_SYMBOL_EXTENSIONS = YES;
				CLANG_ANALYZER_NONNULL = YES;
				CLANG_ANALYZER_NUMBER_OBJECT_CONVERSION = YES_AGGRESSIVE;
				CLANG_CXX_LANGUAGE_STANDARD = "gnu++20";
				CLANG_ENABLE_MODULES = YES;
				CLANG_ENABLE_OBJC_ARC = YES;
				CLANG_ENABLE_OBJC_WEAK = YES;
				CLANG_WARN_BLOCK_CAPTURE_AUTORELEASING = YES;
				CLANG_WARN_BOOL_CONVERSION = YES;
				CLANG_WARN_COMMA = YES;
				CLANG_WARN_CONSTANT_CONVERSION = YES;
				CLANG_WARN_DEPRECATED_OBJC_IMPLEMENTATIONS = YES;
				CLANG_WARN_DIRECT_OBJC_ISA_USAGE = YES_ERROR;
				CLANG_WARN_DOCUMENTATION_COMMENTS = YES;
				CLANG_WARN_EMPTY_BODY = YES;
				CLANG_WARN_ENUM_CONVERSION = YES;
				CLANG_WARN_INFINITE_RECURSION = YES;
				CLANG_WARN_INT_CONVERSION = YES;
				CLANG_WARN_NON_LITERAL_NULL_CONVERSION = YES;
				CLANG_WARN_OBJC_IMPLICIT_RETAIN_SELF = YES;
				CLANG_WARN_OBJC_LITERAL_CONVERSION = YES;
				CLANG_WARN_OBJC_ROOT_CLASS = YES_ERROR;
				CLANG_WARN_QUOTED_INCLUDE_IN_FRAMEWORK_HEADER = YES;
				CLANG_WARN_RANGE_LOOP_ANALYSIS = YES;
				CLANG_WARN_STRICT_PROTOTYPES = YES;
				CLANG_WARN_SUSPICIOUS_MOVE = YES;
				CLANG_WARN_UNGUARDED_AVAILABILITY = YES_AGGRESSIVE;
				CLANG_WARN_UNREACHABLE_CODE = YES;
				CLANG_WARN__DUPLICATE_METHOD_MATCH = YES;
				COPY_PHASE_STRIP = NO;
				DEBUG_INFORMATION_FORMAT = "dwarf-with-dsym";
				ENABLE_NS_ASSERTIONS = NO;
				ENABLE_STRICT_OBJC_MSGSEND = YES;
				ENABLE_USER_SCRIPT_SANDBOXING = YES;
				GCC_C_LANGUAGE_STANDARD = gnu17;
				GCC_NO_COMMON_BLOCKS = YES;
				GCC_WARN_64_TO_32_BIT_CONVERSION = YES;
				GCC_WARN_ABOUT_RETURN_TYPE = YES_ERROR;
				GCC_WARN_UNDECLARED_SELECTOR = YES;
				GCC_WARN_UNINITIALIZED_AUTOS = YES_AGGRESSIVE;
				GCC_WARN_UNUSED_FUNCTION = YES;
				GCC_WARN_UNUSED_VARIABLE = YES;
				IPHONEOS_DEPLOYMENT_TARGET = 17.0;
				LOCALIZATION_PREFERS_STRING_CATALOGS = YES;
				MTL_ENABLE_DEBUG_INFO = NO;
				MTL_FAST_MATH = YES;
				SDKROOT = iphoneos;
				SWIFT_COMPILATION_MODE = wholemodule;
				VALIDATE_PRODUCT = YES;
			};
			name = Release;
		};
		249E91AE2AE0F47D00C4AE57 /* Debug */ = {
			isa = XCBuildConfiguration;
			buildSettings = {
				ASSETCATALOG_COMPILER_APPICON_NAME = AppIcon;
				ASSETCATALOG_COMPILER_GLOBAL_ACCENT_COLOR_NAME = AccentColor;
				CODE_SIGN_STYLE = Automatic;
				CURRENT_PROJECT_VERSION = 1;
				DEVELOPMENT_ASSET_PATHS = "\"CSC680-2023-Fall-final_project-student_daily_tool/Preview Content\"";
				DEVELOPMENT_TEAM = 59R7Z3XA4A;
				ENABLE_PREVIEWS = YES;
				GENERATE_INFOPLIST_FILE = YES;
				INFOPLIST_KEY_CFBundleDisplayName = TodoList;
				INFOPLIST_KEY_UIApplicationSceneManifest_Generation = YES;
				INFOPLIST_KEY_UIApplicationSupportsIndirectInputEvents = YES;
				INFOPLIST_KEY_UILaunchScreen_Generation = YES;
				INFOPLIST_KEY_UISupportedInterfaceOrientations_iPad = "UIInterfaceOrientationPortrait UIInterfaceOrientationPortraitUpsideDown UIInterfaceOrientationLandscapeLeft UIInterfaceOrientationLandscapeRight";
				INFOPLIST_KEY_UISupportedInterfaceOrientations_iPhone = "UIInterfaceOrientationPortrait UIInterfaceOrientationLandscapeLeft UIInterfaceOrientationLandscapeRight";
				IPHONEOS_DEPLOYMENT_TARGET = 17.0;
				LD_RUNPATH_SEARCH_PATHS = (
					"$(inherited)",
					"@executable_path/Frameworks",
				);
				MARKETING_VERSION = 1.0;
				PRODUCT_BUNDLE_IDENTIFIER = "jinwei.sfsu.edu.CSC680-2023-Fall-final-project-student-daily-tool";
				PRODUCT_NAME = "$(TARGET_NAME)";
				SWIFT_EMIT_LOC_STRINGS = YES;
				SWIFT_VERSION = 5.0;
				TARGETED_DEVICE_FAMILY = "1,2";
			};
			name = Debug;
		};
		249E91AF2AE0F47D00C4AE57 /* Release */ = {
			isa = XCBuildConfiguration;
			buildSettings = {
				ASSETCATALOG_COMPILER_APPICON_NAME = AppIcon;
				ASSETCATALOG_COMPILER_GLOBAL_ACCENT_COLOR_NAME = AccentColor;
				CODE_SIGN_STYLE = Automatic;
				CURRENT_PROJECT_VERSION = 1;
				DEVELOPMENT_ASSET_PATHS = "\"CSC680-2023-Fall-final_project-student_daily_tool/Preview Content\"";
				DEVELOPMENT_TEAM = 59R7Z3XA4A;
				ENABLE_PREVIEWS = YES;
				GENERATE_INFOPLIST_FILE = YES;
				INFOPLIST_KEY_CFBundleDisplayName = TodoList;
				INFOPLIST_KEY_UIApplicationSceneManifest_Generation = YES;
				INFOPLIST_KEY_UIApplicationSupportsIndirectInputEvents = YES;
				INFOPLIST_KEY_UILaunchScreen_Generation = YES;
				INFOPLIST_KEY_UISupportedInterfaceOrientations_iPad = "UIInterfaceOrientationPortrait UIInterfaceOrientationPortraitUpsideDown UIInterfaceOrientationLandscapeLeft UIInterfaceOrientationLandscapeRight";
				INFOPLIST_KEY_UISupportedInterfaceOrientations_iPhone = "UIInterfaceOrientationPortrait UIInterfaceOrientationLandscapeLeft UIInterfaceOrientationLandscapeRight";
				IPHONEOS_DEPLOYMENT_TARGET = 17.0;
				LD_RUNPATH_SEARCH_PATHS = (
					"$(inherited)",
					"@executable_path/Frameworks",
				);
				MARKETING_VERSION = 1.0;
				PRODUCT_BUNDLE_IDENTIFIER = "jinwei.sfsu.edu.CSC680-2023-Fall-final-project-student-daily-tool";
				PRODUCT_NAME = "$(TARGET_NAME)";
				SWIFT_EMIT_LOC_STRINGS = YES;
				SWIFT_VERSION = 5.0;
				TARGETED_DEVICE_FAMILY = "1,2";
			};
			name = Release;
		};
/* End XCBuildConfiguration section */

/* Begin XCConfigurationList section */
		249E919A2AE0F47C00C4AE57 /* Build configuration list for PBXProject "CSC680-2023-Fall-final_project-student_daily_tool" */ = {
			isa = XCConfigurationList;
			buildConfigurations = (
				249E91AB2AE0F47D00C4AE57 /* Debug */,
				249E91AC2AE0F47D00C4AE57 /* Release */,
			);
			defaultConfigurationIsVisible = 0;
			defaultConfigurationName = Release;
		};
		249E91AD2AE0F47D00C4AE57 /* Build configuration list for PBXNativeTarget "CSC680-2023-Fall-final_project-student_daily_tool" */ = {
			isa = XCConfigurationList;
			buildConfigurations = (
				249E91AE2AE0F47D00C4AE57 /* Debug */,
				249E91AF2AE0F47D00C4AE57 /* Release */,
			);
			defaultConfigurationIsVisible = 0;
			defaultConfigurationName = Release;
		};
/* End XCConfigurationList section */

/* Begin XCRemoteSwiftPackageReference section */
		243FCDC22B1A8B8B00242C55 /* XCRemoteSwiftPackageReference "LoremSwiftum" */ = {
			isa = XCRemoteSwiftPackageReference;
			repositoryURL = "https://github.com/lukaskubanek/LoremSwiftum";
			requirement = {
				branch = master;
				kind = branch;
			};
		};
/* End XCRemoteSwiftPackageReference section */

/* Begin XCSwiftPackageProductDependency section */
		243FCDC32B1A8B8B00242C55 /* LoremSwiftum */ = {
			isa = XCSwiftPackageProductDependency;
			package = 243FCDC22B1A8B8B00242C55 /* XCRemoteSwiftPackageReference "LoremSwiftum" */;
			productName = LoremSwiftum;
		};
/* End XCSwiftPackageProductDependency section */
	};
	rootObject = 249E91972AE0F47C00C4AE57 /* Project object */;
}
